
Microsoft Visual Studio Solution File, Format Version 12.00
# Visual Studio Version 17
VisualStudioVersion = 17.0.31903.59
MinimumVisualStudioVersion = 10.0.40219.1
Project("{2150E333-8FDC-42A3-9474-1A3956D46DE8}") = "src", "src", "{AFBEB502-D4BC-4399-AE88-9EEABB1B760B}"
EndProject
Project("{FAE04EC0-301F-11D3-BF4B-00C04F79EFBC}") = "DarsJadvali.Domain", "src\DarsJadvali.Domain\DarsJadvali.Domain.csproj", "{BFF42A01-E6B2-4AD5-A3A8-963BE11F3C90}"
EndProject
Project("{FAE04EC0-301F-11D3-BF4B-00C04F79EFBC}") = "DarsJadvali.Application", "src\DarsJadvali.Application\DarsJadvali.Application.csproj", "{8EAA97C3-77CD-4A26-8D8A-09003059F7BB}"
EndProject
Project("{FAE04EC0-301F-11D3-BF4B-00C04F79EFBC}") = "DarsJadvali.Infrastructure", "src\DarsJadvali.Infrastructure\DarsJadvali.Infrastructure.csproj", "{FBA782F2-1FFE-4634-8768-0EF29DFD5843}"
EndProject
Project("{FAE04EC0-301F-11D3-BF4B-00C04F79EFBC}") = "DarsJadvali.Web", "src\DarsJadvali.Web\DarsJadvali.Web.csproj", "{48221922-DCBA-4A43-9B0F-4F3626145FF9}"
EndProject
Project("{2150E333-8FDC-42A3-9474-1A3956D46DE8}") = "tests", "tests", "{B1923E18-978D-4B4A-BA12-FCB2FC8D52A6}"
EndProject
Project("{FAE04EC0-301F-11D3-BF4B-00C04F79EFBC}") = "DarsJadvali.Tests", "tests\DarsJadvali.Tests\DarsJadvali.Tests.csproj", "{8CE66ABB-5B59-4AA2-8379-11D7B2FE6DCB}"
EndProject
Project("{FAE04EC0-301F-11D3-BF4B-00C04F79EFBC}") = "DarsJadvali.Desktop", "src\DarsJadvali.Desktop\DarsJadvali.Desktop.csproj", "{90B8FBB7-2763-46FA-A8A8-B23E6C8BA05B}"
EndProject
Project("{FAE04EC0-301F-11D3-BF4B-00C04F79EFBC}") = "DarsJadvali.Scheduling", "src\DarsJadvali.Scheduling\DarsJadvali.Scheduling.csproj", "{E14C60E9-9B8B-4583-9EBA-C096CCDA90E9}"
EndProject
Project("{FAE04EC0-301F-11D3-BF4B-00C04F79EFBC}") = "DarsJadvali.Scheduling.Tests", "tests\DarsJadvali.Scheduling.Tests\DarsJadvali.Scheduling.Tests.csproj", "{1D21333A-49D3-4AD9-A15F-559F9F85CD47}"
EndProject
Global
	GlobalSection(SolutionConfigurationPlatforms) = preSolution
		Debug|Any CPU = Debug|Any CPU
		Debug|x64 = Debug|x64
		Debug|x86 = Debug|x86
		Release|Any CPU = Release|Any CPU
		Release|x64 = Release|x64
		Release|x86 = Release|x86
	EndGlobalSection
	GlobalSection(ProjectConfigurationPlatforms) = postSolution
		{BFF42A01-E6B2-4AD5-A3A8-963BE11F3C90}.Debug|Any CPU.ActiveCfg = Debug|Any CPU
		{BFF42A01-E6B2-4AD5-A3A8-963BE11F3C90}.Debug|Any CPU.Build.0 = Debug|Any CPU
		{BFF42A01-E6B2-4AD5-A3A8-963BE11F3C90}.Debug|x64.ActiveCfg = Debug|Any CPU
		{BFF42A01-E6B2-4AD5-A3A8-963BE11F3C90}.Debug|x64.Build.0 = Debug|Any CPU
		{BFF42A01-E6B2-4AD5-A3A8-963BE11F3C90}.Debug|x86.ActiveCfg = Debug|Any CPU
		{BFF42A01-E6B2-4AD5-A3A8-963BE11F3C90}.Debug|x86.Build.0 = Debug|Any CPU
		{BFF42A01-E6B2-4AD5-A3A8-963BE11F3C90}.Release|Any CPU.ActiveCfg = Release|Any CPU
		{BFF42A01-E6B2-4AD5-A3A8-963BE11F3C90}.Release|Any CPU.Build.0 = Release|Any CPU
		{BFF42A01-E6B2-4AD5-A3A8-963BE11F3C90}.Release|x64.ActiveCfg = Release|Any CPU
		{BFF42A01-E6B2-4AD5-A3A8-963BE11F3C90}.Release|x64.Build.0 = Release|Any CPU
		{BFF42A01-E6B2-4AD5-A3A8-963BE11F3C90}.Release|x86.ActiveCfg = Release|Any CPU
		{BFF42A01-E6B2-4AD5-A3A8-963BE11F3C90}.Release|x86.Build.0 = Release|Any CPU
		{8EAA97C3-77CD-4A26-8D8A-09003059F7BB}.Debug|Any CPU.ActiveCfg = Debug|Any CPU
		{8EAA97C3-77CD-4A26-8D8A-09003059F7BB}.Debug|Any CPU.Build.0 = Debug|Any CPU
		{8EAA97C3-77CD-4A26-8D8A-09003059F7BB}.Debug|x64.ActiveCfg = Debug|Any CPU
		{8EAA97C3-77CD-4A26-8D8A-09003059F7BB}.Debug|x64.Build.0 = Debug|Any CPU
		{8EAA97C3-77CD-4A26-8D8A-09003059F7BB}.Debug|x86.ActiveCfg = Debug|Any CPU
		{8EAA97C3-77CD-4A26-8D8A-09003059F7BB}.Debug|x86.Build.0 = Debug|Any CPU
		{8EAA97C3-77CD-4A26-8D8A-09003059F7BB}.Release|Any CPU.ActiveCfg = Release|Any CPU
		{8EAA97C3-77CD-4A26-8D8A-09003059F7BB}.Release|Any CPU.Build.0 = Release|Any CPU
		{8EAA97C3-77CD-4A26-8D8A-09003059F7BB}.Release|x64.ActiveCfg = Release|Any CPU
		{8EAA97C3-77CD-4A26-8D8A-09003059F7BB}.Release|x64.Build.0 = Release|Any CPU
		{8EAA97C3-77CD-4A26-8D8A-09003059F7BB}.Release|x86.ActiveCfg = Release|Any CPU
		{8EAA97C3-77CD-4A26-8D8A-09003059F7BB}.Release|x86.Build.0 = Release|Any CPU
		{FBA782F2-1FFE-4634-8768-0EF29DFD5843}.Debug|Any CPU.ActiveCfg = Debug|Any CPU
		{FBA782F2-1FFE-4634-8768-0EF29DFD5843}.Debug|Any CPU.Build.0 = Debug|Any CPU
		{FBA782F2-1FFE-4634-8768-0EF29DFD5843}.Debug|x64.ActiveCfg = Debug|Any CPU
		{FBA782F2-1FFE-4634-8768-0EF29DFD5843}.Debug|x64.Build.0 = Debug|Any CPU
		{FBA782F2-1FFE-4634-8768-0EF29DFD5843}.Debug|x86.ActiveCfg = Debug|Any CPU
		{FBA782F2-1FFE-4634-8768-0EF29DFD5843}.Debug|x86.Build.0 = Debug|Any CPU
		{FBA782F2-1FFE-4634-8768-0EF29DFD5843}.Release|Any CPU.ActiveCfg = Release|Any CPU
		{FBA782F2-1FFE-4634-8768-0EF29DFD5843}.Release|Any CPU.Build.0 = Release|Any CPU
		{FBA782F2-1FFE-4634-8768-0EF29DFD5843}.Release|x64.ActiveCfg = Release|Any CPU
		{FBA782F2-1FFE-4634-8768-0EF29DFD5843}.Release|x64.Build.0 = Release|Any CPU
		{FBA782F2-1FFE-4634-8768-0EF29DFD5843}.Release|x86.ActiveCfg = Release|Any CPU
		{FBA782F2-1FFE-4634-8768-0EF29DFD5843}.Release|x86.Build.0 = Release|Any CPU
		{48221922-DCBA-4A43-9B0F-4F3626145FF9}.Debug|Any CPU.ActiveCfg = Debug|Any CPU
		{48221922-DCBA-4A43-9B0F-4F3626145FF9}.Debug|Any CPU.Build.0 = Debug|Any CPU
		{48221922-DCBA-4A43-9B0F-4F3626145FF9}.Debug|x64.ActiveCfg = Debug|Any CPU
		{48221922-DCBA-4A43-9B0F-4F3626145FF9}.Debug|x64.Build.0 = Debug|Any CPU
		{48221922-DCBA-4A43-9B0F-4F3626145FF9}.Debug|x86.ActiveCfg = Debug|Any CPU
		{48221922-DCBA-4A43-9B0F-4F3626145FF9}.Debug|x86.Build.0 = Debug|Any CPU
		{48221922-DCBA-4A43-9B0F-4F3626145FF9}.Release|Any CPU.ActiveCfg = Release|Any CPU
		{48221922-DCBA-4A43-9B0F-4F3626145FF9}.Release|Any CPU.Build.0 = Release|Any CPU
		{48221922-DCBA-4A43-9B0F-4F3626145FF9}.Release|x64.ActiveCfg = Release|Any CPU
		{48221922-DCBA-4A43-9B0F-4F3626145FF9}.Release|x64.Build.0 = Release|Any CPU
		{48221922-DCBA-4A43-9B0F-4F3626145FF9}.Release|x86.ActiveCfg = Release|Any CPU
		{48221922-DCBA-4A43-9B0F-4F3626145FF9}.Release|x86.Build.0 = Release|Any CPU
		{8CE66ABB-5B59-4AA2-8379-11D7B2FE6DCB}.Debug|Any CPU.ActiveCfg = Debug|Any CPU
		{8CE66ABB-5B59-4AA2-8379-11D7B2FE6DCB}.Debug|Any CPU.Build.0 = Debug|Any CPU
		{8CE66ABB-5B59-4AA2-8379-11D7B2FE6DCB}.Debug|x64.ActiveCfg = Debug|Any CPU
		{8CE66ABB-5B59-4AA2-8379-11D7B2FE6DCB}.Debug|x64.Build.0 = Debug|Any CPU
		{8CE66ABB-5B59-4AA2-8379-11D7B2FE6DCB}.Debug|x86.ActiveCfg = Debug|Any CPU
		{8CE66ABB-5B59-4AA2-8379-11D7B2FE6DCB}.Debug|x86.Build.0 = Debug|Any CPU
		{8CE66ABB-5B59-4AA2-8379-11D7B2FE6DCB}.Release|Any CPU.ActiveCfg = Release|Any CPU
		{8CE66ABB-5B59-4AA2-8379-11D7B2FE6DCB}.Release|Any CPU.Build.0 = Release|Any CPU
		{8CE66ABB-5B59-4AA2-8379-11D7B2FE6DCB}.Release|x64.ActiveCfg = Release|Any CPU
		{8CE66ABB-5B59-4AA2-8379-11D7B2FE6DCB}.Release|x64.Build.0 = Release|Any CPU
		{8CE66ABB-5B59-4AA2-8379-11D7B2FE6DCB}.Release|x86.ActiveCfg = Release|Any CPU
		{8CE66ABB-5B59-4AA2-8379-11D7B2FE6DCB}.Release|x86.Build.0 = Release|Any CPU
		{90B8FBB7-2763-46FA-A8A8-B23E6C8BA05B}.Debug|Any CPU.ActiveCfg = Debug|Any CPU
		{90B8FBB7-2763-46FA-A8A8-B23E6C8BA05B}.Debug|Any CPU.Build.0 = Debug|Any CPU
		{90B8FBB7-2763-46FA-A8A8-B23E6C8BA05B}.Debug|x64.ActiveCfg = Debug|Any CPU
		{90B8FBB7-2763-46FA-A8A8-B23E6C8BA05B}.Debug|x64.Build.0 = Debug|Any CPU
		{90B8FBB7-2763-46FA-A8A8-B23E6C8BA05B}.Debug|x86.ActiveCfg = Debug|Any CPU
		{90B8FBB7-2763-46FA-A8A8-B23E6C8BA05B}.Debug|x86.Build.0 = Debug|Any CPU
		{90B8FBB7-2763-46FA-A8A8-B23E6C8BA05B}.Release|Any CPU.ActiveCfg = Release|Any CPU
		{90B8FBB7-2763-46FA-A8A8-B23E6C8BA05B}.Release|Any CPU.Build.0 = Release|Any CPU
		{90B8FBB7-2763-46FA-A8A8-B23E6C8BA05B}.Release|x64.ActiveCfg = Release|Any CPU
		{90B8FBB7-2763-46FA-A8A8-B23E6C8BA05B}.Release|x64.Build.0 = Release|Any CPU
		{90B8FBB7-2763-46FA-A8A8-B23E6C8BA05B}.Release|x86.ActiveCfg = Release|Any CPU
		{90B8FBB7-2763-46FA-A8A8-B23E6C8BA05B}.Release|x86.Build.0 = Release|Any CPU
		{E14C60E9-9B8B-4583-9EBA-C096CCDA90E9}.Debug|Any CPU.ActiveCfg = Debug|Any CPU
		{E14C60E9-9B8B-4583-9EBA-C096CCDA90E9}.Debug|Any CPU.Build.0 = Debug|Any CPU
		{E14C60E9-9B8B-4583-9EBA-C096CCDA90E9}.Debug|x64.ActiveCfg = Debug|Any CPU
		{E14C60E9-9B8B-4583-9EBA-C096CCDA90E9}.Debug|x64.Build.0 = Debug|Any CPU
		{E14C60E9-9B8B-4583-9EBA-C096CCDA90E9}.Debug|x86.ActiveCfg = Debug|Any CPU
		{E14C60E9-9B8B-4583-9EBA-C096CCDA90E9}.Debug|x86.Build.0 = Debug|Any CPU
		{E14C60E9-9B8B-4583-9EBA-C096CCDA90E9}.Release|Any CPU.ActiveCfg = Release|Any CPU
		{E14C60E9-9B8B-4583-9EBA-C096CCDA90E9}.Release|Any CPU.Build.0 = Release|Any CPU
		{E14C60E9-9B8B-4583-9EBA-C096CCDA90E9}.Release|x64.ActiveCfg = Release|Any CPU
		{E14C60E9-9B8B-4583-9EBA-C096CCDA90E9}.Release|x64.Build.0 = Release|Any CPU
		{E14C60E9-9B8B-4583-9EBA-C096CCDA90E9}.Release|x86.ActiveCfg = Release|Any CPU
		{E14C60E9-9B8B-4583-9EBA-C096CCDA90E9}.Release|x86.Build.0 = Release|Any CPU
		{1D21333A-49D3-4AD9-A15F-559F9F85CD47}.Debug|Any CPU.ActiveCfg = Debug|Any CPU
		{1D21333A-49D3-4AD9-A15F-559F9F85CD47}.Debug|Any CPU.Build.0 = Debug|Any CPU
		{1D21333A-49D3-4AD9-A15F-559F9F85CD47}.Debug|x64.ActiveCfg = Debug|Any CPU
		{1D21333A-49D3-4AD9-A15F-559F9F85CD47}.Debug|x64.Build.0 = Debug|Any CPU
		{1D21333A-49D3-4AD9-A15F-559F9F85CD47}.Debug|x86.ActiveCfg = Debug|Any CPU
		{1D21333A-49D3-4AD9-A15F-559F9F85CD47}.Debug|x86.Build.0 = Debug|Any CPU
		{1D21333A-49D3-4AD9-A15F-559F9F85CD47}.Release|Any CPU.ActiveCfg = Release|Any CPU
		{1D21333A-49D3-4AD9-A15F-559F9F85CD47}.Release|Any CPU.Build.0 = Release|Any CPU
		{1D21333A-49D3-4AD9-A15F-559F9F85CD47}.Release|x64.ActiveCfg = Release|Any CPU
		{1D21333A-49D3-4AD9-A15F-559F9F85CD47}.Release|x64.Build.0 = Release|Any CPU
		{1D21333A-49D3-4AD9-A15F-559F9F85CD47}.Release|x86.ActiveCfg = Release|Any CPU
		{1D21333A-49D3-4AD9-A15F-559F9F85CD47}.Release|x86.Build.0 = Release|Any CPU
	EndGlobalSection
	GlobalSection(SolutionProperties) = preSolution
		HideSolutionNode = FALSE
	EndGlobalSection
	GlobalSection(NestedProjects) = preSolution
		{BFF42A01-E6B2-4AD5-A3A8-963BE11F3C90} = {AFBEB502-D4BC-4399-AE88-9EEABB1B760B}
		{8EAA97C3-77CD-4A26-8D8A-09003059F7BB} = {AFBEB502-D4BC-4399-AE88-9EEABB1B760B}
		{FBA782F2-1FFE-4634-8768-0EF29DFD5843} = {AFBEB502-D4BC-4399-AE88-9EEABB1B760B}
		{48221922-DCBA-4A43-9B0F-4F3626145FF9} = {AFBEB502-D4BC-4399-AE88-9EEABB1B760B}
		{8CE66ABB-5B59-4AA2-8379-11D7B2FE6DCB} = {B1923E18-978D-4B4A-BA12-FCB2FC8D52A6}
		{90B8FBB7-2763-46FA-A8A8-B23E6C8BA05B} = {AFBEB502-D4BC-4399-AE88-9EEABB1B760B}
		{E14C60E9-9B8B-4583-9EBA-C096CCDA90E9} = {AFBEB502-D4BC-4399-AE88-9EEABB1B760B}
		{1D21333A-49D3-4AD9-A15F-559F9F85CD47} = {B1923E18-978D-4B4A-BA12-FCB2FC8D52A6}
	EndGlobalSection
EndGlobal
